
Microsoft Visual Studio Solution File, Format Version 12.00
# Visual Studio Version 17
VisualStudioVersion = 17.11.35303.130
MinimumVisualStudioVersion = 10.0.40219.1
Project("{2150E333-8FDC-42A3-9474-1A3956D46DE8}") = "Task0", "Task0", "{287CFB86-BB18-4195-BBB6-714D1DDBF207}"
EndProject
Project("{FAE04EC0-301F-11D3-BF4B-00C04F79EFBC}") = "Tyuiu.AkhmedullovRR.Sprint3.Task0.V17", "Tyuiu.AkhmedullovRR.Sprint3.Task0.V17\Tyuiu.AkhmedullovRR.Sprint3.Task0.V17.csproj", "{CC973D39-03E3-4876-A285-0FAFE10280EC}"
EndProject
Project("{FAE04EC0-301F-11D3-BF4B-00C04F79EFBC}") = "Tyuiu.AkhmedullovRR.Sprint3.Task0.V17.Lib", "Tyuiu.AkhmedullovRR.Sprint3.Task0.V17.Lib\Tyuiu.AkhmedullovRR.Sprint3.Task0.V17.Lib.csproj", "{EE58E2B5-0E78-4A77-A180-602B9CE57B08}"
EndProject
Project("{FAE04EC0-301F-11D3-BF4B-00C04F79EFBC}") = "Tyuiu.AkhmedullovRR.Sprint3.Task0.V17.Test", "Tyuiu.AkhmedullovRR.Sprint3.Task0.V17.Test\Tyuiu.AkhmedullovRR.Sprint3.Task0.V17.Test.csproj", "{497A911B-2C10-4542-BD5C-C7E8E0C4BFF5}"
EndProject
Project("{2150E333-8FDC-42A3-9474-1A3956D46DE8}") = "Task1", "Task1", "{D4CCA414-90AA-4B05-ADFF-71B3D83C2741}"
EndProject
Project("{FAE04EC0-301F-11D3-BF4B-00C04F79EFBC}") = "Tyuiu.AkhmedullovRR.Sprint3.Task1.V27", "Tyuiu.AkhmedullovRR.Sprint3.Task1.V27\Tyuiu.AkhmedullovRR.Sprint3.Task1.V27.csproj", "{44277367-D6DC-4036-B3D6-055F38E02735}"
EndProject
Project("{FAE04EC0-301F-11D3-BF4B-00C04F79EFBC}") = "Tyuiu.AkhmedullovRR.Sprint3.Task1.V27.Lib", "Tyuiu.AkhmedullovRR.Sprint3.Task1.V27.Lib\Tyuiu.AkhmedullovRR.Sprint3.Task1.V27.Lib.csproj", "{4F124AAE-69C7-490C-8BCF-FD366518D01B}"
EndProject
Project("{FAE04EC0-301F-11D3-BF4B-00C04F79EFBC}") = "Tyuiu.AkhmedullovRR.Sprint3.Task1.V27.Test", "Tyuiu.AkhmedullovRR.Sprint3.Task1.V27.Test\Tyuiu.AkhmedullovRR.Sprint3.Task1.V27.Test.csproj", "{004B300A-AA23-4ACD-9651-0FA2292FCF39}"
EndProject
Project("{2150E333-8FDC-42A3-9474-1A3956D46DE8}") = "Task2", "Task2", "{50D841EF-5F6B-4A55-87F6-E9BFAC616E05}"
EndProject
Project("{FAE04EC0-301F-11D3-BF4B-00C04F79EFBC}") = "Tyuiu.AkhmedullovRR.Sprint3.Task2.V23", "Tyuiu.AkhmedullovRR.Sprint3.Task2.V23\Tyuiu.AkhmedullovRR.Sprint3.Task2.V23.csproj", "{179732B7-61F5-4D7C-B7C3-9A090F10A140}"
EndProject
Project("{FAE04EC0-301F-11D3-BF4B-00C04F79EFBC}") = "Tyuiu.AkhmedullovRR.Sprint3.Task2.V23.Lib", "Tyuiu.AkhmedullovRR.Sprint3.Task2.V23.Lib\Tyuiu.AkhmedullovRR.Sprint3.Task2.V23.Lib.csproj", "{2BD62957-339B-4A0A-BB42-4B5DED500C4F}"
EndProject
Project("{FAE04EC0-301F-11D3-BF4B-00C04F79EFBC}") = "Tyuiu.AkhmedullovRR.Sprint3.Task2.V23.Test", "Tyuiu.AkhmedullovRR.Sprint3.Task2.V23.Test\Tyuiu.AkhmedullovRR.Sprint3.Task2.V23.Test.csproj", "{007307A3-E929-4526-B7C7-7159BDD727C9}"
EndProject
Project("{2150E333-8FDC-42A3-9474-1A3956D46DE8}") = "Task3", "Task3", "{7D8B80CC-6039-4011-BF79-0FB9BEF30DB0}"
EndProject
Project("{FAE04EC0-301F-11D3-BF4B-00C04F79EFBC}") = "Tyuiu.AkhmedullovRR.Sprint3.Task3.V4", "Tyuiu.AkhmedullovRR.Sprint3.Task3.V4\Tyuiu.AkhmedullovRR.Sprint3.Task3.V4.csproj", "{9AC36AD4-340E-48AB-A5D9-8AB73ECB96BF}"
EndProject
Project("{FAE04EC0-301F-11D3-BF4B-00C04F79EFBC}") = "Tyuiu.AkhmedullovRR.Sprint3.Task3.V4.Lib", "Tyuiu.AkhmedullovRR.Sprint3.Task3.V4.Lib\Tyuiu.AkhmedullovRR.Sprint3.Task3.V4.Lib.csproj", "{1F234B99-D173-4F8A-A697-607BAA810A64}"
EndProject
Project("{FAE04EC0-301F-11D3-BF4B-00C04F79EFBC}") = "Tyuiu.AkhmedullovRR.Sprint3.Task3.V4.Test", "Tyuiu.AkhmedullovRR.Sprint3.Task3.V4.Test\Tyuiu.AkhmedullovRR.Sprint3.Task3.V4.Test.csproj", "{552036B8-8625-40DF-8210-6457B92EB20A}"
EndProject
Global
	GlobalSection(SolutionConfigurationPlatforms) = preSolution
		Debug|Any CPU = Debug|Any CPU
		Release|Any CPU = Release|Any CPU
	EndGlobalSection
	GlobalSection(ProjectConfigurationPlatforms) = postSolution
		{CC973D39-03E3-4876-A285-0FAFE10280EC}.Debug|Any CPU.ActiveCfg = Debug|Any CPU
		{CC973D39-03E3-4876-A285-0FAFE10280EC}.Debug|Any CPU.Build.0 = Debug|Any CPU
		{CC973D39-03E3-4876-A285-0FAFE10280EC}.Release|Any CPU.ActiveCfg = Release|Any CPU
		{CC973D39-03E3-4876-A285-0FAFE10280EC}.Release|Any CPU.Build.0 = Release|Any CPU
		{EE58E2B5-0E78-4A77-A180-602B9CE57B08}.Debug|Any CPU.ActiveCfg = Debug|Any CPU
		{EE58E2B5-0E78-4A77-A180-602B9CE57B08}.Debug|Any CPU.Build.0 = Debug|Any CPU
		{EE58E2B5-0E78-4A77-A180-602B9CE57B08}.Release|Any CPU.ActiveCfg = Release|Any CPU
		{EE58E2B5-0E78-4A77-A180-602B9CE57B08}.Release|Any CPU.Build.0 = Release|Any CPU
		{497A911B-2C10-4542-BD5C-C7E8E0C4BFF5}.Debug|Any CPU.ActiveCfg = Debug|Any CPU
		{497A911B-2C10-4542-BD5C-C7E8E0C4BFF5}.Debug|Any CPU.Build.0 = Debug|Any CPU
		{497A911B-2C10-4542-BD5C-C7E8E0C4BFF5}.Release|Any CPU.ActiveCfg = Release|Any CPU
		{497A911B-2C10-4542-BD5C-C7E8E0C4BFF5}.Release|Any CPU.Build.0 = Release|Any CPU
		{44277367-D6DC-4036-B3D6-055F38E02735}.Debug|Any CPU.ActiveCfg = Debug|Any CPU
		{44277367-D6DC-4036-B3D6-055F38E02735}.Debug|Any CPU.Build.0 = Debug|Any CPU
		{44277367-D6DC-4036-B3D6-055F38E02735}.Release|Any CPU.ActiveCfg = Release|Any CPU
		{44277367-D6DC-4036-B3D6-055F38E02735}.Release|Any CPU.Build.0 = Release|Any CPU
		{4F124AAE-69C7-490C-8BCF-FD366518D01B}.Debug|Any CPU.ActiveCfg = Debug|Any CPU
		{4F124AAE-69C7-490C-8BCF-FD366518D01B}.Debug|Any CPU.Build.0 = Debug|Any CPU
		{4F124AAE-69C7-490C-8BCF-FD366518D01B}.Release|Any CPU.ActiveCfg = Release|Any CPU
		{4F124AAE-69C7-490C-8BCF-FD366518D01B}.Release|Any CPU.Build.0 = Release|Any CPU
		{004B300A-AA23-4ACD-9651-0FA2292FCF39}.Debug|Any CPU.ActiveCfg = Debug|Any CPU
		{004B300A-AA23-4ACD-9651-0FA2292FCF39}.Debug|Any CPU.Build.0 = Debug|Any CPU
		{004B300A-AA23-4ACD-9651-0FA2292FCF39}.Release|Any CPU.ActiveCfg = Release|Any CPU
		{004B300A-AA23-4ACD-9651-0FA2292FCF39}.Release|Any CPU.Build.0 = Release|Any CPU
		{179732B7-61F5-4D7C-B7C3-9A090F10A140}.Debug|Any CPU.ActiveCfg = Debug|Any CPU
		{179732B7-61F5-4D7C-B7C3-9A090F10A140}.Debug|Any CPU.Build.0 = Debug|Any CPU
		{179732B7-61F5-4D7C-B7C3-9A090F10A140}.Release|Any CPU.ActiveCfg = Release|Any CPU
		{179732B7-61F5-4D7C-B7C3-9A090F10A140}.Release|Any CPU.Build.0 = Release|Any CPU
		{2BD62957-339B-4A0A-BB42-4B5DED500C4F}.Debug|Any CPU.ActiveCfg = Debug|Any CPU
		{2BD62957-339B-4A0A-BB42-4B5DED500C4F}.Debug|Any CPU.Build.0 = Debug|Any CPU
		{2BD62957-339B-4A0A-BB42-4B5DED500C4F}.Release|Any CPU.ActiveCfg = Release|Any CPU
		{2BD62957-339B-4A0A-BB42-4B5DED500C4F}.Release|Any CPU.Build.0 = Release|Any CPU
		{007307A3-E929-4526-B7C7-7159BDD727C9}.Debug|Any CPU.ActiveCfg = Debug|Any CPU
		{007307A3-E929-4526-B7C7-7159BDD727C9}.Debug|Any CPU.Build.0 = Debug|Any CPU
		{007307A3-E929-4526-B7C7-7159BDD727C9}.Release|Any CPU.ActiveCfg = Release|Any CPU
		{007307A3-E929-4526-B7C7-7159BDD727C9}.Release|Any CPU.Build.0 = Release|Any CPU
		{9AC36AD4-340E-48AB-A5D9-8AB73ECB96BF}.Debug|Any CPU.ActiveCfg = Debug|Any CPU
		{9AC36AD4-340E-48AB-A5D9-8AB73ECB96BF}.Debug|Any CPU.Build.0 = Debug|Any CPU
		{9AC36AD4-340E-48AB-A5D9-8AB73ECB96BF}.Release|Any CPU.ActiveCfg = Release|Any CPU
		{9AC36AD4-340E-48AB-A5D9-8AB73ECB96BF}.Release|Any CPU.Build.0 = Release|Any CPU
		{1F234B99-D173-4F8A-A697-607BAA810A64}.Debug|Any CPU.ActiveCfg = Debug|Any CPU
		{1F234B99-D173-4F8A-A697-607BAA810A64}.Debug|Any CPU.Build.0 = Debug|Any CPU
		{1F234B99-D173-4F8A-A697-607BAA810A64}.Release|Any CPU.ActiveCfg = Release|Any CPU
		{1F234B99-D173-4F8A-A697-607BAA810A64}.Release|Any CPU.Build.0 = Release|Any CPU
		{552036B8-8625-40DF-8210-6457B92EB20A}.Debug|Any CPU.ActiveCfg = Debug|Any CPU
		{552036B8-8625-40DF-8210-6457B92EB20A}.Debug|Any CPU.Build.0 = Debug|Any CPU
		{552036B8-8625-40DF-8210-6457B92EB20A}.Release|Any CPU.ActiveCfg = Release|Any CPU
		{552036B8-8625-40DF-8210-6457B92EB20A}.Release|Any CPU.Build.0 = Release|Any CPU
	EndGlobalSection
	GlobalSection(SolutionProperties) = preSolution
		HideSolutionNode = FALSE
	EndGlobalSection
	GlobalSection(NestedProjects) = preSolution
		{CC973D39-03E3-4876-A285-0FAFE10280EC} = {287CFB86-BB18-4195-BBB6-714D1DDBF207}
		{EE58E2B5-0E78-4A77-A180-602B9CE57B08} = {287CFB86-BB18-4195-BBB6-714D1DDBF207}
		{497A911B-2C10-4542-BD5C-C7E8E0C4BFF5} = {287CFB86-BB18-4195-BBB6-714D1DDBF207}
		{44277367-D6DC-4036-B3D6-055F38E02735} = {D4CCA414-90AA-4B05-ADFF-71B3D83C2741}
		{4F124AAE-69C7-490C-8BCF-FD366518D01B} = {D4CCA414-90AA-4B05-ADFF-71B3D83C2741}
		{004B300A-AA23-4ACD-9651-0FA2292FCF39} = {D4CCA414-90AA-4B05-ADFF-71B3D83C2741}
		{179732B7-61F5-4D7C-B7C3-9A090F10A140} = {50D841EF-5F6B-4A55-87F6-E9BFAC616E05}
		{2BD62957-339B-4A0A-BB42-4B5DED500C4F} = {50D841EF-5F6B-4A55-87F6-E9BFAC616E05}
		{007307A3-E929-4526-B7C7-7159BDD727C9} = {50D841EF-5F6B-4A55-87F6-E9BFAC616E05}
		{9AC36AD4-340E-48AB-A5D9-8AB73ECB96BF} = {7D8B80CC-6039-4011-BF79-0FB9BEF30DB0}
		{1F234B99-D173-4F8A-A697-607BAA810A64} = {7D8B80CC-6039-4011-BF79-0FB9BEF30DB0}
		{552036B8-8625-40DF-8210-6457B92EB20A} = {7D8B80CC-6039-4011-BF79-0FB9BEF30DB0}
	EndGlobalSection
	GlobalSection(ExtensibilityGlobals) = postSolution
		SolutionGuid = {0B23B9C4-1B69-4332-8F28-ECF5064E534E}
	EndGlobalSection
EndGlobal
